
Microsoft Visual Studio Solution File, Format Version 12.00
# Visual Studio Version 18
VisualStudioVersion = 18.6.11819.183 stable
MinimumVisualStudioVersion = 10.0.40219.1
Project("{FAE04EC0-301F-11D3-BF4B-00C04F79EFBC}") = "API", "API\API.csproj", "{3E95E0DB-BDDB-493F-A829-BFA8E2EFE0DB}"
EndProject
Project("{FAE04EC0-301F-11D3-BF4B-00C04F79EFBC}") = "AJT", "AJT\AJT.csproj", "{A41BB405-6EEC-468C-BE4B-78C1392FBEB8}"
EndProject
Project("{FAE04EC0-301F-11D3-BF4B-00C04F79EFBC}") = "AJT.Tests", "AJT.Tests\AJT.Tests.csproj", "{833443E8-6973-4993-B0A2-5665CD35C108}"
EndProject
Global
	GlobalSection(SolutionConfigurationPlatforms) = preSolution
		Debug|Any CPU = Debug|Any CPU
		Release|Any CPU = Release|Any CPU
	EndGlobalSection
	GlobalSection(ProjectConfigurationPlatforms) = postSolution
		{3E95E0DB-BDDB-493F-A829-BFA8E2EFE0DB}.Debug|Any CPU.ActiveCfg = Debug|Any CPU
		{3E95E0DB-BDDB-493F-A829-BFA8E2EFE0DB}.Debug|Any CPU.Build.0 = Debug|Any CPU
		{3E95E0DB-BDDB-493F-A829-BFA8E2EFE0DB}.Release|Any CPU.ActiveCfg = Release|Any CPU
		{3E95E0DB-BDDB-493F-A829-BFA8E2EFE0DB}.Release|Any CPU.Build.0 = Release|Any CPU
		{A41BB405-6EEC-468C-BE4B-78C1392FBEB8}.Debug|Any CPU.ActiveCfg = Debug|Any CPU
		{A41BB405-6EEC-468C-BE4B-78C1392FBEB8}.Debug|Any CPU.Build.0 = Debug|Any CPU
		{A41BB405-6EEC-468C-BE4B-78C1392FBEB8}.Release|Any CPU.ActiveCfg = Release|Any CPU
		{A41BB405-6EEC-468C-BE4B-78C1392FBEB8}.Release|Any CPU.Build.0 = Release|Any CPU
		{833443E8-6973-4993-B0A2-5665CD35C108}.Debug|Any CPU.ActiveCfg = Debug|Any CPU
		{833443E8-6973-4993-B0A2-5665CD35C108}.Debug|Any CPU.Build.0 = Debug|Any CPU
		{833443E8-6973-4993-B0A2-5665CD35C108}.Release|Any CPU.ActiveCfg = Release|Any CPU
		{833443E8-6973-4993-B0A2-5665CD35C108}.Release|Any CPU.Build.0 = Release|Any CPU
	EndGlobalSection
	GlobalSection(SolutionProperties) = preSolution
		HideSolutionNode = FALSE
	EndGlobalSection
	GlobalSection(ExtensibilityGlobals) = postSolution
		SolutionGuid = {69544D35-F2EE-438A-A187-976568EFD3C6}
	EndGlobalSection
EndGlobal
